// !$*UTF8*$!
{
	archiveVersion = 1;
	classes = {
	};
	objectVersion = 50;
	objects = {

/* Begin PBXBuildFile section */
		800BEA162516B83900E60DE5 /* AppDelegate.swift in Sources */ = {isa = PBXBuildFile; fileRef = 800BEA152516B83900E60DE5 /* AppDelegate.swift */; };
		800BEA182516B83900E60DE5 /* SceneDelegate.swift in Sources */ = {isa = PBXBuildFile; fileRef = 800BEA172516B83900E60DE5 /* SceneDelegate.swift */; };
		800BEA1A2516B83900E60DE5 /* ViewController.swift in Sources */ = {isa = PBXBuildFile; fileRef = 800BEA192516B83900E60DE5 /* ViewController.swift */; };
		800BEA1D2516B83900E60DE5 /* Main.storyboard in Resources */ = {isa = PBXBuildFile; fileRef = 800BEA1B2516B83900E60DE5 /* Main.storyboard */; };
		800BEA1F2516B83A00E60DE5 /* Assets.xcassets in Resources */ = {isa = PBXBuildFile; fileRef = 800BEA1E2516B83A00E60DE5 /* Assets.xcassets */; };
		800BEA222516B83A00E60DE5 /* LaunchScreen.storyboard in Resources */ = {isa = PBXBuildFile; fileRef = 800BEA202516B83A00E60DE5 /* LaunchScreen.storyboard */; };
		800BEA2D2516B83B00E60DE5 /* TrainingTests.swift in Sources */ = {isa = PBXBuildFile; fileRef = 800BEA2C2516B83B00E60DE5 /* TrainingTests.swift */; };
		800BEA382516B83B00E60DE5 /* TrainingUITests.swift in Sources */ = {isa = PBXBuildFile; fileRef = 800BEA372516B83B00E60DE5 /* TrainingUITests.swift */; };
/* End PBXBuildFile section */

/* Begin PBXContainerItemProxy section */
		800BEA292516B83A00E60DE5 /* PBXContainerItemProxy */ = {
			isa = PBXContainerItemProxy;
			containerPortal = 800BEA0A2516B83900E60DE5 /* Project object */;
			proxyType = 1;
			remoteGlobalIDString = 800BEA112516B83900E60DE5;
			remoteInfo = Training;
		};
		800BEA342516B83B00E60DE5 /* PBXContainerItemProxy */ = {
			isa = PBXContainerItemProxy;
			containerPortal = 800BEA0A2516B83900E60DE5 /* Project object */;
			proxyType = 1;
			remoteGlobalIDString = 800BEA112516B83900E60DE5;
			remoteInfo = Training;
		};
/* End PBXContainerItemProxy section */

/* Begin PBXFileReference section */
		800BEA122516B83900E60DE5 /* Training.app */ = {isa = PBXFileReference; explicitFileType = wrapper.application; includeInIndex = 0; path = Training.app; sourceTree = BUILT_PRODUCTS_DIR; };
		800BEA152516B83900E60DE5 /* AppDelegate.swift */ = {isa = PBXFileReference; lastKnownFileType = sourcecode.swift; path = AppDelegate.swift; sourceTree = "<group>"; };
		800BEA172516B83900E60DE5 /* SceneDelegate.swift */ = {isa = PBXFileReference; lastKnownFileType = sourcecode.swift; path = SceneDelegate.swift; sourceTree = "<group>"; };
		800BEA192516B83900E60DE5 /* ViewController.swift */ = {isa = PBXFileReference; lastKnownFileType = sourcecode.swift; path = ViewController.swift; sourceTree = "<group>"; };
		800BEA1C2516B83900E60DE5 /* Base */ = {isa = PBXFileReference; lastKnownFileType = file.storyboard; name = Base; path = Base.lproj/Main.storyboard; sourceTree = "<group>"; };
		800BEA1E2516B83A00E60DE5 /* Assets.xcassets */ = {isa = PBXFileReference; lastKnownFileType = folder.assetcatalog; path = Assets.xcassets; sourceTree = "<group>"; };
		800BEA212516B83A00E60DE5 /* Base */ = {isa = PBXFileReference; lastKnownFileType = file.storyboard; name = Base; path = Base.lproj/LaunchScreen.storyboard; sourceTree = "<group>"; };
		800BEA232516B83A00E60DE5 /* Info.plist */ = {isa = PBXFileReference; lastKnownFileType = text.plist.xml; path = Info.plist; sourceTree = "<group>"; };
		800BEA282516B83A00E60DE5 /* TrainingTests.xctest */ = {isa = PBXFileReference; explicitFileType = wrapper.cfbundle; includeInIndex = 0; path = TrainingTests.xctest; sourceTree = BUILT_PRODUCTS_DIR; };
		800BEA2C2516B83B00E60DE5 /* TrainingTests.swift */ = {isa = PBXFileReference; lastKnownFileType = sourcecode.swift; path = TrainingTests.swift; sourceTree = "<group>"; };
		800BEA2E2516B83B00E60DE5 /* Info.plist */ = {isa = PBXFileReference; lastKnownFileType = text.plist.xml; path = Info.plist; sourceTree = "<group>"; };
		800BEA332516B83B00E60DE5 /* TrainingUITests.xctest */ = {isa = PBXFileReference; explicitFileType = wrapper.cfbundle; includeInIndex = 0; path = TrainingUITests.xctest; sourceTree = BUILT_PRODUCTS_DIR; };
		800BEA372516B83B00E60DE5 /* TrainingUITests.swift */ = {isa = PBXFileReference; lastKnownFileType = sourcecode.swift; path = TrainingUITests.swift; sourceTree = "<group>"; };
		800BEA392516B83B00E60DE5 /* Info.plist */ = {isa = PBXFileReference; lastKnownFileType = text.plist.xml; path = Info.plist; sourceTree = "<group>"; };
/* End PBXFileReference section */

/* Begin PBXFrameworksBuildPhase section */
		800BEA0F2516B83900E60DE5 /* Frameworks */ = {
			isa = PBXFrameworksBuildPhase;
			buildActionMask = 2147483647;
			files = (
			);
			runOnlyForDeploymentPostprocessing = 0;
		};
		800BEA252516B83A00E60DE5 /* Frameworks */ = {
			isa = PBXFrameworksBuildPhase;
			buildActionMask = 2147483647;
			files = (
			);
			runOnlyForDeploymentPostprocessing = 0;
		};
		800BEA302516B83B00E60DE5 /* Frameworks */ = {
			isa = PBXFrameworksBuildPhase;
			buildActionMask = 2147483647;
			files = (
			);
			runOnlyForDeploymentPostprocessing = 0;
		};
/* End PBXFrameworksBuildPhase section */

/* Begin PBXGroup section */
		800BEA092516B83900E60DE5 = {
			isa = PBXGroup;
			children = (
				800BEA142516B83900E60DE5 /* Training */,
				800BEA2B2516B83A00E60DE5 /* TrainingTests */,
				800BEA362516B83B00E60DE5 /* TrainingUITests */,
				800BEA132516B83900E60DE5 /* Products */,
			);
			sourceTree = "<group>";
		};
		800BEA132516B83900E60DE5 /* Products */ = {
			isa = PBXGroup;
			children = (
				800BEA122516B83900E60DE5 /* Training.app */,
				800BEA282516B83A00E60DE5 /* TrainingTests.xctest */,
				800BEA332516B83B00E60DE5 /* TrainingUITests.xctest */,
			);
			name = Products;
			sourceTree = "<group>";
		};
		800BEA142516B83900E60DE5 /* Training */ = {
			isa = PBXGroup;
			children = (
				800BEA152516B83900E60DE5 /* AppDelegate.swift */,
				800BEA172516B83900E60DE5 /* SceneDelegate.swift */,
				800BEA192516B83900E60DE5 /* ViewController.swift */,
				800BEA1B2516B83900E60DE5 /* Main.storyboard */,
				800BEA1E2516B83A00E60DE5 /* Assets.xcassets */,
				800BEA202516B83A00E60DE5 /* LaunchScreen.storyboard */,
				800BEA232516B83A00E60DE5 /* Info.plist */,
			);
			path = Training;
			sourceTree = "<group>";
		};
		800BEA2B2516B83A00E60DE5 /* TrainingTests */ = {
			isa = PBXGroup;
			children = (
				800BEA2C2516B83B00E60DE5 /* TrainingTests.swift */,
				800BEA2E2516B83B00E60DE5 /* Info.plist */,
			);
			path = TrainingTests;
			sourceTree = "<group>";
		};
		800BEA362516B83B00E60DE5 /* TrainingUITests */ = {
			isa = PBXGroup;
			children = (
				800BEA372516B83B00E60DE5 /* TrainingUITests.swift */,
				800BEA392516B83B00E60DE5 /* Info.plist */,
			);
			path = TrainingUITests;
			sourceTree = "<group>";
		};
/* End PBXGroup section */

/* Begin PBXNativeTarget section */
		800BEA112516B83900E60DE5 /* Training */ = {
			isa = PBXNativeTarget;
			buildConfigurationList = 800BEA3C2516B83B00E60DE5 /* Build configuration list for PBXNativeTarget "Training" */;
			buildPhases = (
				800BEA0E2516B83900E60DE5 /* Sources */,
				800BEA0F2516B83900E60DE5 /* Frameworks */,
				800BEA102516B83900E60DE5 /* Resources */,
			);
			buildRules = (
			);
			dependencies = (
			);
			name = Training;
			productName = Training;
			productReference = 800BEA122516B83900E60DE5 /* Training.app */;
			productType = "com.apple.product-type.application";
		};
		800BEA272516B83A00E60DE5 /* TrainingTests */ = {
			isa = PBXNativeTarget;
			buildConfigurationList = 800BEA3F2516B83B00E60DE5 /* Build configuration list for PBXNativeTarget "TrainingTests" */;
			buildPhases = (
				800BEA242516B83A00E60DE5 /* Sources */,
				800BEA252516B83A00E60DE5 /* Frameworks */,
				800BEA262516B83A00E60DE5 /* Resources */,
			);
			buildRules = (
			);
			dependencies = (
				800BEA2A2516B83A00E60DE5 /* PBXTargetDependency */,
			);
			name = TrainingTests;
			productName = TrainingTests;
			productReference = 800BEA282516B83A00E60DE5 /* TrainingTests.xctest */;
			productType = "com.apple.product-type.bundle.unit-test";
		};
		800BEA322516B83B00E60DE5 /* TrainingUITests */ = {
			isa = PBXNativeTarget;
			buildConfigurationList = 800BEA422516B83B00E60DE5 /* Build configuration list for PBXNativeTarget "TrainingUITests" */;
			buildPhases = (
				800BEA2F2516B83B00E60DE5 /* Sources */,
				800BEA302516B83B00E60DE5 /* Frameworks */,
				800BEA312516B83B00E60DE5 /* Resources */,
			);
			buildRules = (
			);
			dependencies = (
				800BEA352516B83B00E60DE5 /* PBXTargetDependency */,
			);
			name = TrainingUITests;
			productName = TrainingUITests;
			productReference = 800BEA332516B83B00E60DE5 /* TrainingUITests.xctest */;
			productType = "com.apple.product-type.bundle.ui-testing";
		};
/* End PBXNativeTarget section */

/* Begin PBXProject section */
		800BEA0A2516B83900E60DE5 /* Project object */ = {
			isa = PBXProject;
			attributes = {
				LastSwiftUpdateCheck = 1200;
				LastUpgradeCheck = 1200;
				TargetAttributes = {
					800BEA112516B83900E60DE5 = {
						CreatedOnToolsVersion = 12.0;
					};
					800BEA272516B83A00E60DE5 = {
						CreatedOnToolsVersion = 12.0;
						TestTargetID = 800BEA112516B83900E60DE5;
					};
					800BEA322516B83B00E60DE5 = {
						CreatedOnToolsVersion = 12.0;
						TestTargetID = 800BEA112516B83900E60DE5;
					};
				};
			};
			buildConfigurationList = 800BEA0D2516B83900E60DE5 /* Build configuration list for PBXProject "Training" */;
			compatibilityVersion = "Xcode 9.3";
			developmentRegion = en;
			hasScannedForEncodings = 0;
			knownRegions = (
				en,
				Base,
			);
			mainGroup = 800BEA092516B83900E60DE5;
			productRefGroup = 800BEA132516B83900E60DE5 /* Products */;
			projectDirPath = "";
			projectRoot = "";
			targets = (
				800BEA112516B83900E60DE5 /* Training */,
				800BEA272516B83A00E60DE5 /* TrainingTests */,
				800BEA322516B83B00E60DE5 /* TrainingUITests */,
			);
		};
/* End PBXProject section */

/* Begin PBXResourcesBuildPhase section */
		800BEA102516B83900E60DE5 /* Resources */ = {
			isa = PBXResourcesBuildPhase;
			buildActionMask = 2147483647;
			files = (
				800BEA222516B83A00E60DE5 /* LaunchScreen.storyboard in Resources */,
				800BEA1F2516B83A00E60DE5 /* Assets.xcassets in Resources */,
				800BEA1D2516B83900E60DE5 /* Main.storyboard in Resources */,
			);
			runOnlyForDeploymentPostprocessing = 0;
		};
		800BEA262516B83A00E60DE5 /* Resources */ = {
			isa = PBXResourcesBuildPhase;
			buildActionMask = 2147483647;
			files = (
			);
			runOnlyForDeploymentPostprocessing = 0;
		};
		800BEA312516B83B00E60DE5 /* Resources */ = {
			isa = PBXResourcesBuildPhase;
			buildActionMask = 2147483647;
			files = (
			);
			runOnlyForDeploymentPostprocessing = 0;
		};
/* End PBXResourcesBuildPhase section */

/* Begin PBXSourcesBuildPhase section */
		800BEA0E2516B83900E60DE5 /* Sources */ = {
			isa = PBXSourcesBuildPhase;
			buildActionMask = 2147483647;
			files = (
				800BEA1A2516B83900E60DE5 /* ViewController.swift in Sources */,
				800BEA162516B83900E60DE5 /* AppDelegate.swift in Sources */,
				800BEA182516B83900E60DE5 /* SceneDelegate.swift in Sources */,
			);
			runOnlyForDeploymentPostprocessing = 0;
		};
		800BEA242516B83A00E60DE5 /* Sources */ = {
			isa = PBXSourcesBuildPhase;
			buildActionMask = 2147483647;
			files = (
				800BEA2D2516B83B00E60DE5 /* TrainingTests.swift in Sources */,
			);
			runOnlyForDeploymentPostprocessing = 0;
		};
		800BEA2F2516B83B00E60DE5 /* Sources */ = {
			isa = PBXSourcesBuildPhase;
			buildActionMask = 2147483647;
			files = (
				800BEA382516B83B00E60DE5 /* TrainingUITests.swift in Sources */,
			);
			runOnlyForDeploymentPostprocessing = 0;
		};
/* End PBXSourcesBuildPhase section */

/* Begin PBXTargetDependency section */
		800BEA2A2516B83A00E60DE5 /* PBXTargetDependency */ = {
			isa = PBXTargetDependency;
			target = 800BEA112516B83900E60DE5 /* Training */;
			targetProxy = 800BEA292516B83A00E60DE5 /* PBXContainerItemProxy */;
		};
		800BEA352516B83B00E60DE5 /* PBXTargetDependency */ = {
			isa = PBXTargetDependency;
			target = 800BEA112516B83900E60DE5 /* Training */;
			targetProxy = 800BEA342516B83B00E60DE5 /* PBXContainerItemProxy */;
		};
/* End PBXTargetDependency section */

/* Begin PBXVariantGroup section */
		800BEA1B2516B83900E60DE5 /* Main.storyboard */ = {
			isa = PBXVariantGroup;
			children = (
				800BEA1C2516B83900E60DE5 /* Base */,
			);
			name = Main.storyboard;
			sourceTree = "<group>";
		};
		800BEA202516B83A00E60DE5 /* LaunchScreen.storyboard */ = {
			isa = PBXVariantGroup;
			children = (
				800BEA212516B83A00E60DE5 /* Base */,
			);
			name = LaunchScreen.storyboard;
			sourceTree = "<group>";
		};
/* End PBXVariantGroup section */

/* Begin XCBuildConfiguration section */
		800BEA3A2516B83B00E60DE5 /* Debug */ = {
			isa = XCBuildConfiguration;
			buildSettings = {
				ALWAYS_SEARCH_USER_PATHS = NO;
				CLANG_ANALYZER_NONNULL = YES;
				CLANG_ANALYZER_NUMBER_OBJECT_CONVERSION = YES_AGGRESSIVE;
				CLANG_CXX_LANGUAGE_STANDARD = "gnu++14";
				CLANG_CXX_LIBRARY = "libc++";
				CLANG_ENABLE_MODULES = YES;
				CLANG_ENABLE_OBJC_ARC = YES;
				CLANG_ENABLE_OBJC_WEAK = YES;
				CLANG_WARN_BLOCK_CAPTURE_AUTORELEASING = YES;
				CLANG_WARN_BOOL_CONVERSION = YES;
				CLANG_WARN_COMMA = YES;
				CLANG_WARN_CONSTANT_CONVERSION = YES;
				CLANG_WARN_DEPRECATED_OBJC_IMPLEMENTATIONS = YES;
				CLANG_WARN_DIRECT_OBJC_ISA_USAGE = YES_ERROR;
				CLANG_WARN_DOCUMENTATION_COMMENTS = YES;
				CLANG_WARN_EMPTY_BODY = YES;
				CLANG_WARN_ENUM_CONVERSION = YES;
				CLANG_WARN_INFINITE_RECURSION = YES;
				CLANG_WARN_INT_CONVERSION = YES;
				CLANG_WARN_NON_LITERAL_NULL_CONVERSION = YES;
				CLANG_WARN_OBJC_IMPLICIT_RETAIN_SELF = YES;
				CLANG_WARN_OBJC_LITERAL_CONVERSION = YES;
				CLANG_WARN_OBJC_ROOT_CLASS = YES_ERROR;
				CLANG_WARN_QUOTED_INCLUDE_IN_FRAMEWORK_HEADER = YES;
				CLANG_WARN_RANGE_LOOP_ANALYSIS = YES;
				CLANG_WARN_STRICT_PROTOTYPES = YES;
				CLANG_WARN_SUSPICIOUS_MOVE = YES;
				CLANG_WARN_UNGUARDED_AVAILABILITY = YES_AGGRESSIVE;
				CLANG_WARN_UNREACHABLE_CODE = YES;
				CLANG_WARN__DUPLICATE_METHOD_MATCH = YES;
				COPY_PHASE_STRIP = NO;
				DEBUG_INFORMATION_FORMAT = dwarf;
				ENABLE_STRICT_OBJC_MSGSEND = YES;
				ENABLE_TESTABILITY = YES;
				GCC_C_LANGUAGE_STANDARD = gnu11;
				GCC_DYNAMIC_NO_PIC = NO;
				GCC_NO_COMMON_BLOCKS = YES;
				GCC_OPTIMIZATION_LEVEL = 0;
				GCC_PREPROCESSOR_DEFINITIONS = (
					"DEBUG=1",
					"$(inherited)",
				);
				GCC_WARN_64_TO_32_BIT_CONVERSION = YES;
				GCC_WARN_ABOUT_RETURN_TYPE = YES_ERROR;
				GCC_WARN_UNDECLARED_SELECTOR = YES;
				GCC_WARN_UNINITIALIZED_AUTOS = YES_AGGRESSIVE;
				GCC_WARN_UNUSED_FUNCTION = YES;
				GCC_WARN_UNUSED_VARIABLE = YES;
				IPHONEOS_DEPLOYMENT_TARGET = 14.0;
				MTL_ENABLE_DEBUG_INFO = INCLUDE_SOURCE;
				MTL_FAST_MATH = YES;
				ONLY_ACTIVE_ARCH = YES;
				SDKROOT = iphoneos;
				SWIFT_ACTIVE_COMPILATION_CONDITIONS = DEBUG;
				SWIFT_OPTIMIZATION_LEVEL = "-Onone";
			};
			name = Debug;
		};
		800BEA3B2516B83B00E60DE5 /* Release */ = {
			isa = XCBuildConfiguration;
			buildSettings = {
				ALWAYS_SEARCH_USER_PATHS = NO;
				CLANG_ANALYZER_NONNULL = YES;
				CLANG_ANALYZER_NUMBER_OBJECT_CONVERSION = YES_AGGRESSIVE;
				CLANG_CXX_LANGUAGE_STANDARD = "gnu++14";
				CLANG_CXX_LIBRARY = "libc++";
				CLANG_ENABLE_MODULES = YES;
				CLANG_ENABLE_OBJC_ARC = YES;
				CLANG_ENABLE_OBJC_WEAK = YES;
				CLANG_WARN_BLOCK_CAPTURE_AUTORELEASING = YES;
				CLANG_WARN_BOOL_CONVERSION = YES;
				CLANG_WARN_COMMA = YES;
				CLANG_WARN_CONSTANT_CONVERSION = YES;
				CLANG_WARN_DEPRECATED_OBJC_IMPLEMENTATIONS = YES;
				CLANG_WARN_DIRECT_OBJC_ISA_USAGE = YES_ERROR;
				CLANG_WARN_DOCUMENTATION_COMMENTS = YES;
				CLANG_WARN_EMPTY_BODY = YES;
				CLANG_WARN_ENUM_CONVERSION = YES;
				CLANG_WARN_INFINITE_RECURSION = YES;
				CLANG_WARN_INT_CONVERSION = YES;
				CLANG_WARN_NON_LITERAL_NULL_CONVERSION = YES;
				CLANG_WARN_OBJC_IMPLICIT_RETAIN_SELF = YES;
				CLANG_WARN_OBJC_LITERAL_CONVERSION = YES;
				CLANG_WARN_OBJC_ROOT_CLASS = YES_ERROR;
				CLANG_WARN_QUOTED_INCLUDE_IN_FRAMEWORK_HEADER = YES;
				CLANG_WARN_RANGE_LOOP_ANALYSIS = YES;
				CLANG_WARN_STRICT_PROTOTYPES = YES;
				CLANG_WARN_SUSPICIOUS_MOVE = YES;
				CLANG_WARN_UNGUARDED_AVAILABILITY = YES_AGGRESSIVE;
				CLANG_WARN_UNREACHABLE_CODE = YES;
				CLANG_WARN__DUPLICATE_METHOD_MATCH = YES;
				COPY_PHASE_STRIP = NO;
				DEBUG_INFORMATION_FORMAT = "dwarf-with-dsym";
				ENABLE_NS_ASSERTIONS = NO;
				ENABLE_STRICT_OBJC_MSGSEND = YES;
				GCC_C_LANGUAGE_STANDARD = gnu11;
				GCC_NO_COMMON_BLOCKS = YES;
				GCC_WARN_64_TO_32_BIT_CONVERSION = YES;
				GCC_WARN_ABOUT_RETURN_TYPE = YES_ERROR;
				GCC_WARN_UNDECLARED_SELECTOR = YES;
				GCC_WARN_UNINITIALIZED_AUTOS = YES_AGGRESSIVE;
				GCC_WARN_UNUSED_FUNCTION = YES;
				GCC_WARN_UNUSED_VARIABLE = YES;
				IPHONEOS_DEPLOYMENT_TARGET = 14.0;
				MTL_ENABLE_DEBUG_INFO = NO;
				MTL_FAST_MATH = YES;
				SDKROOT = iphoneos;
				SWIFT_COMPILATION_MODE = wholemodule;
				SWIFT_OPTIMIZATION_LEVEL = "-O";
				VALIDATE_PRODUCT = YES;
			};
			name = Release;
		};
		800BEA3D2516B83B00E60DE5 /* Debug */ = {
			isa = XCBuildConfiguration;
			buildSettings = {
				ASSETCATALOG_COMPILER_APPICON_NAME = AppIcon;
				ASSETCATALOG_COMPILER_GLOBAL_ACCENT_COLOR_NAME = AccentColor;
				CODE_SIGN_STYLE = Automatic;
				INFOPLIST_FILE = Training/Info.plist;
				LD_RUNPATH_SEARCH_PATHS = (
					"$(inherited)",
					"@executable_path/Frameworks",
				);
				PRODUCT_BUNDLE_IDENTIFIER = com.assaaddoumit.Training;
				PRODUCT_NAME = "$(TARGET_NAME)";
				SWIFT_VERSION = 5.0;
				TARGETED_DEVICE_FAMILY = "1,2";
			};
			name = Debug;
		};
		800BEA3E2516B83B00E60DE5 /* Release */ = {
			isa = XCBuildConfiguration;
			buildSettings = {
				ASSETCATALOG_COMPILER_APPICON_NAME = AppIcon;
				ASSETCATALOG_COMPILER_GLOBAL_ACCENT_COLOR_NAME = AccentColor;
				CODE_SIGN_STYLE = Automatic;
				INFOPLIST_FILE = Training/Info.plist;
				LD_RUNPATH_SEARCH_PATHS = (
					"$(inherited)",
					"@executable_path/Frameworks",
				);
				PRODUCT_BUNDLE_IDENTIFIER = com.assaaddoumit.Training;
				PRODUCT_NAME = "$(TARGET_NAME)";
				SWIFT_VERSION = 5.0;
				TARGETED_DEVICE_FAMILY = "1,2";
			};
			name = Release;
		};
		800BEA402516B83B00E60DE5 /* Debug */ = {
			isa = XCBuildConfiguration;
			buildSettings = {
				ALWAYS_EMBED_SWIFT_STANDARD_LIBRARIES = YES;
				BUNDLE_LOADER = "$(TEST_HOST)";
				CODE_SIGN_STYLE = Automatic;
				INFOPLIST_FILE = TrainingTests/Info.plist;
				IPHONEOS_DEPLOYMENT_TARGET = 14.0;
				LD_RUNPATH_SEARCH_PATHS = (
					"$(inherited)",
					"@executable_path/Frameworks",
					"@loader_path/Frameworks",
				);
				PRODUCT_BUNDLE_IDENTIFIER = com.assaaddoumit.TrainingTests;
				PRODUCT_NAME = "$(TARGET_NAME)";
				SWIFT_VERSION = 5.0;
				TARGETED_DEVICE_FAMILY = "1,2";
				TEST_HOST = "$(BUILT_PRODUCTS_DIR)/Training.app/Training";
			};
			name = Debug;
		};
		800BEA412516B83B00E60DE5 /* Release */ = {
			isa = XCBuildConfiguration;
			buildSettings = {
				ALWAYS_EMBED_SWIFT_STANDARD_LIBRARIES = YES;
				BUNDLE_LOADER = "$(TEST_HOST)";
				CODE_SIGN_STYLE = Automatic;
				INFOPLIST_FILE = TrainingTests/Info.plist;
				IPHONEOS_DEPLOYMENT_TARGET = 14.0;
				LD_RUNPATH_SEARCH_PATHS = (
					"$(inherited)",
					"@executable_path/Frameworks",
					"@loader_path/Frameworks",
				);
				PRODUCT_BUNDLE_IDENTIFIER = com.assaaddoumit.TrainingTests;
				PRODUCT_NAME = "$(TARGET_NAME)";
				SWIFT_VERSION = 5.0;
				TARGETED_DEVICE_FAMILY = "1,2";
				TEST_HOST = "$(BUILT_PRODUCTS_DIR)/Training.app/Training";
			};
			name = Release;
		};
		800BEA432516B83B00E60DE5 /* Debug */ = {
			isa = XCBuildConfiguration;
			buildSettings = {
				ALWAYS_EMBED_SWIFT_STANDARD_LIBRARIES = YES;
				CODE_SIGN_STYLE = Automatic;
				INFOPLIST_FILE = TrainingUITests/Info.plist;
				LD_RUNPATH_SEARCH_PATHS = (
					"$(inherited)",
					"@executable_path/Frameworks",
					"@loader_path/Frameworks",
				);
				PRODUCT_BUNDLE_IDENTIFIER = com.assaaddoumit.TrainingUITests;
				PRODUCT_NAME = "$(TARGET_NAME)";
				SWIFT_VERSION = 5.0;
				TARGETED_DEVICE_FAMILY = "1,2";
				TEST_TARGET_NAME = Training;
			};
			name = Debug;
		};
		800BEA442516B83B00E60DE5 /* Release */ = {
			isa = XCBuildConfiguration;
			buildSettings = {
				ALWAYS_EMBED_SWIFT_STANDARD_LIBRARIES = YES;
				CODE_SIGN_STYLE = Automatic;
				INFOPLIST_FILE = TrainingUITests/Info.plist;
				LD_RUNPATH_SEARCH_PATHS = (
					"$(inherited)",
					"@executable_path/Frameworks",
					"@loader_path/Frameworks",
				);
				PRODUCT_BUNDLE_IDENTIFIER = com.assaaddoumit.TrainingUITests;
				PRODUCT_NAME = "$(TARGET_NAME)";
				SWIFT_VERSION = 5.0;
				TARGETED_DEVICE_FAMILY = "1,2";
				TEST_TARGET_NAME = Training;
			};
			name = Release;
		};
/* End XCBuildConfiguration section */

/* Begin XCConfigurationList section */
		800BEA0D2516B83900E60DE5 /* Build configuration list for PBXProject "Training" */ = {
			isa = XCConfigurationList;
			buildConfigurations = (
				800BEA3A2516B83B00E60DE5 /* Debug */,
				800BEA3B2516B83B00E60DE5 /* Release */,
			);
			defaultConfigurationIsVisible = 0;
			defaultConfigurationName = Release;
		};
		800BEA3C2516B83B00E60DE5 /* Build configuration list for PBXNativeTarget "Training" */ = {
			isa = XCConfigurationList;
			buildConfigurations = (
				800BEA3D2516B83B00E60DE5 /* Debug */,
				800BEA3E2516B83B00E60DE5 /* Release */,
			);
			defaultConfigurationIsVisible = 0;
			defaultConfigurationName = Release;
		};
		800BEA3F2516B83B00E60DE5 /* Build configuration list for PBXNativeTarget "TrainingTests" */ = {
			isa = XCConfigurationList;
			buildConfigurations = (
				800BEA402516B83B00E60DE5 /* Debug */,
				800BEA412516B83B00E60DE5 /* Release */,
			);
			defaultConfigurationIsVisible = 0;
			defaultConfigurationName = Release;
		};
		800BEA422516B83B00E60DE5 /* Build configuration list for PBXNativeTarget "TrainingUITests" */ = {
			isa = XCConfigurationList;
			buildConfigurations = (
				800BEA432516B83B00E60DE5 /* Debug */,
				800BEA442516B83B00E60DE5 /* Release */,
			);
			defaultConfigurationIsVisible = 0;
			defaultConfigurationName = Release;
		};
/* End XCConfigurationList section */
	};
	rootObject = 800BEA0A2516B83900E60DE5 /* Project object */;
}
