// !$*UTF8*$!
{
	archiveVersion = 1;
	classes = {
	};
	objectVersion = 52;
	objects = {

/* Begin PBXBuildFile section */
		653F7A71AEE1E95FF838A5B5 /* Pods_Training_TrainingUITests.framework in Frameworks */ = {isa = PBXBuildFile; fileRef = C49CD3B251BD8EE4E7645ED2 /* Pods_Training_TrainingUITests.framework */; };
		75F20D0165355AA573E1B5BA /* Pods_TrainingTests.framework in Frameworks */ = {isa = PBXBuildFile; fileRef = 59635211581054845EC60D62 /* Pods_TrainingTests.framework */; };
		80076C472516C1A90043B22D /* GoogleService-Info.plist in Resources */ = {isa = PBXBuildFile; fileRef = 80076C462516C1A90043B22D /* GoogleService-Info.plist */; };
		800BEA162516B83900E60DE5 /* AppDelegate.swift in Sources */ = {isa = PBXBuildFile; fileRef = 800BEA152516B83900E60DE5 /* AppDelegate.swift */; };
		800BEA182516B83900E60DE5 /* SceneDelegate.swift in Sources */ = {isa = PBXBuildFile; fileRef = 800BEA172516B83900E60DE5 /* SceneDelegate.swift */; };
		800BEA1A2516B83900E60DE5 /* FirstScrennTableView.swift in Sources */ = {isa = PBXBuildFile; fileRef = 800BEA192516B83900E60DE5 /* FirstScrennTableView.swift */; };
		800BEA1D2516B83900E60DE5 /* Main.storyboard in Resources */ = {isa = PBXBuildFile; fileRef = 800BEA1B2516B83900E60DE5 /* Main.storyboard */; };
		800BEA1F2516B83A00E60DE5 /* Assets.xcassets in Resources */ = {isa = PBXBuildFile; fileRef = 800BEA1E2516B83A00E60DE5 /* Assets.xcassets */; };
		800BEA222516B83A00E60DE5 /* LaunchScreen.storyboard in Resources */ = {isa = PBXBuildFile; fileRef = 800BEA202516B83A00E60DE5 /* LaunchScreen.storyboard */; };
		800BEA2D2516B83B00E60DE5 /* TrainingTests.swift in Sources */ = {isa = PBXBuildFile; fileRef = 800BEA2C2516B83B00E60DE5 /* TrainingTests.swift */; };
		800BEA382516B83B00E60DE5 /* TrainingUITests.swift in Sources */ = {isa = PBXBuildFile; fileRef = 800BEA372516B83B00E60DE5 /* TrainingUITests.swift */; };
		800BEA502516BB8400E60DE5 /* CellInArray.swift in Sources */ = {isa = PBXBuildFile; fileRef = 800BEA4F2516BB8400E60DE5 /* CellInArray.swift */; };
		800CDAFC252A9668001C4DE4 /* StaticTableViewController.swift in Sources */ = {isa = PBXBuildFile; fileRef = 800CDAFB252A9667001C4DE4 /* StaticTableViewController.swift */; };
		800CDB0C252F0815001C4DE4 /* InAppNotificationViewController.swift in Sources */ = {isa = PBXBuildFile; fileRef = 800CDB0B252F0815001C4DE4 /* InAppNotificationViewController.swift */; };
		800CDB11252F0B76001C4DE4 /* SecondViewController.swift in Sources */ = {isa = PBXBuildFile; fileRef = 800CDB10252F0B76001C4DE4 /* SecondViewController.swift */; };
		800CDB17252FC58C001C4DE4 /* Alamofire in Frameworks */ = {isa = PBXBuildFile; productRef = 800CDB16252FC58C001C4DE4 /* Alamofire */; };
		801AFD152518A2D600E9D1B2 /* FirebaseAuthenticationViewController.swift in Sources */ = {isa = PBXBuildFile; fileRef = 801AFD142518A2D500E9D1B2 /* FirebaseAuthenticationViewController.swift */; };
		801AFD502519EC1F00E9D1B2 /* CellInArrayTableViewController.swift in Sources */ = {isa = PBXBuildFile; fileRef = 801AFD4F2519EC1F00E9D1B2 /* CellInArrayTableViewController.swift */; };
		801D105C252FD76800B23168 /* MyLibrary in Frameworks */ = {isa = PBXBuildFile; productRef = 801D105B252FD76800B23168 /* MyLibrary */; };
		801D10672533CE6100B23168 /* DelegateViewController.swift in Sources */ = {isa = PBXBuildFile; fileRef = 801D10662533CE6100B23168 /* DelegateViewController.swift */; };
		801D106C2533CE7500B23168 /* DelegateSecondViewController.swift in Sources */ = {isa = PBXBuildFile; fileRef = 801D106B2533CE7500B23168 /* DelegateSecondViewController.swift */; };
		801D107125350C4D00B23168 /* StackviewViewController.swift in Sources */ = {isa = PBXBuildFile; fileRef = 801D107025350C4D00B23168 /* StackviewViewController.swift */; };
		80C01838251FDC7800CB8B7F /* LocalNotificationViewController.swift in Sources */ = {isa = PBXBuildFile; fileRef = 80C01837251FDC7800CB8B7F /* LocalNotificationViewController.swift */; };
		80ED319C2519F8E50034915A /* CellInarrayTableViewCell.swift in Sources */ = {isa = PBXBuildFile; fileRef = 80ED319B2519F8E50034915A /* CellInarrayTableViewCell.swift */; };
		80ED31A9251A04430034915A /* TableViewCell.swift in Sources */ = {isa = PBXBuildFile; fileRef = 80ED31A7251A04430034915A /* TableViewCell.swift */; };
		80ED31AA251A04430034915A /* TableViewCell.xib in Resources */ = {isa = PBXBuildFile; fileRef = 80ED31A8251A04430034915A /* TableViewCell.xib */; };
		80ED31B3251A04680034915A /* TableViewController.swift in Sources */ = {isa = PBXBuildFile; fileRef = 80ED31B2251A04680034915A /* TableViewController.swift */; };
		80ED31BB251A06140034915A /* CellModel.swift in Sources */ = {isa = PBXBuildFile; fileRef = 80ED31BA251A06140034915A /* CellModel.swift */; };
		80ED31F0251B3B250034915A /* ApiCalls.swift in Sources */ = {isa = PBXBuildFile; fileRef = 80ED31EF251B3B250034915A /* ApiCalls.swift */; };
		80ED3214251CB56D0034915A /* DynamicCellViewController.swift in Sources */ = {isa = PBXBuildFile; fileRef = 80ED3213251CB56D0034915A /* DynamicCellViewController.swift */; };
		80ED323E251E027D0034915A /* CellData.swift in Sources */ = {isa = PBXBuildFile; fileRef = 80ED323D251E027D0034915A /* CellData.swift */; };
		DBEF362EBFC8D1AFB5BDD314 /* Pods_Training.framework in Frameworks */ = {isa = PBXBuildFile; fileRef = 55C7278F4E1873296859B0EC /* Pods_Training.framework */; };
/* End PBXBuildFile section */

/* Begin PBXContainerItemProxy section */
		800BEA292516B83A00E60DE5 /* PBXContainerItemProxy */ = {
			isa = PBXContainerItemProxy;
			containerPortal = 800BEA0A2516B83900E60DE5 /* Project object */;
			proxyType = 1;
			remoteGlobalIDString = 800BEA112516B83900E60DE5;
			remoteInfo = Training;
		};
		800BEA342516B83B00E60DE5 /* PBXContainerItemProxy */ = {
			isa = PBXContainerItemProxy;
			containerPortal = 800BEA0A2516B83900E60DE5 /* Project object */;
			proxyType = 1;
			remoteGlobalIDString = 800BEA112516B83900E60DE5;
			remoteInfo = Training;
		};
/* End PBXContainerItemProxy section */

/* Begin PBXFileReference section */
		28022FC1B53D3F3B40D0C545 /* Pods-TrainingTests.debug.xcconfig */ = {isa = PBXFileReference; includeInIndex = 1; lastKnownFileType = text.xcconfig; name = "Pods-TrainingTests.debug.xcconfig"; path = "Target Support Files/Pods-TrainingTests/Pods-TrainingTests.debug.xcconfig"; sourceTree = "<group>"; };
		55C7278F4E1873296859B0EC /* Pods_Training.framework */ = {isa = PBXFileReference; explicitFileType = wrapper.framework; includeInIndex = 0; path = Pods_Training.framework; sourceTree = BUILT_PRODUCTS_DIR; };
		59635211581054845EC60D62 /* Pods_TrainingTests.framework */ = {isa = PBXFileReference; explicitFileType = wrapper.framework; includeInIndex = 0; path = Pods_TrainingTests.framework; sourceTree = BUILT_PRODUCTS_DIR; };
		61A6D119E53E07B8A9A16610 /* Pods-Training.debug.xcconfig */ = {isa = PBXFileReference; includeInIndex = 1; lastKnownFileType = text.xcconfig; name = "Pods-Training.debug.xcconfig"; path = "Target Support Files/Pods-Training/Pods-Training.debug.xcconfig"; sourceTree = "<group>"; };
		80076C462516C1A90043B22D /* GoogleService-Info.plist */ = {isa = PBXFileReference; fileEncoding = 4; lastKnownFileType = text.plist.xml; name = "GoogleService-Info.plist"; path = "../../GoogleService-Info.plist"; sourceTree = "<group>"; };
		800BEA122516B83900E60DE5 /* Training.app */ = {isa = PBXFileReference; explicitFileType = wrapper.application; includeInIndex = 0; path = Training.app; sourceTree = BUILT_PRODUCTS_DIR; };
		800BEA152516B83900E60DE5 /* AppDelegate.swift */ = {isa = PBXFileReference; lastKnownFileType = sourcecode.swift; path = AppDelegate.swift; sourceTree = "<group>"; };
		800BEA172516B83900E60DE5 /* SceneDelegate.swift */ = {isa = PBXFileReference; lastKnownFileType = sourcecode.swift; path = SceneDelegate.swift; sourceTree = "<group>"; };
		800BEA192516B83900E60DE5 /* FirstScrennTableView.swift */ = {isa = PBXFileReference; lastKnownFileType = sourcecode.swift; path = FirstScrennTableView.swift; sourceTree = "<group>"; };
		800BEA1C2516B83900E60DE5 /* Base */ = {isa = PBXFileReference; lastKnownFileType = file.storyboard; name = Base; path = Base.lproj/Main.storyboard; sourceTree = "<group>"; };
		800BEA1E2516B83A00E60DE5 /* Assets.xcassets */ = {isa = PBXFileReference; lastKnownFileType = folder.assetcatalog; path = Assets.xcassets; sourceTree = "<group>"; };
		800BEA212516B83A00E60DE5 /* Base */ = {isa = PBXFileReference; lastKnownFileType = file.storyboard; name = Base; path = Base.lproj/LaunchScreen.storyboard; sourceTree = "<group>"; };
		800BEA232516B83A00E60DE5 /* Info.plist */ = {isa = PBXFileReference; lastKnownFileType = text.plist.xml; path = Info.plist; sourceTree = "<group>"; };
		800BEA282516B83A00E60DE5 /* TrainingTests.xctest */ = {isa = PBXFileReference; explicitFileType = wrapper.cfbundle; includeInIndex = 0; path = TrainingTests.xctest; sourceTree = BUILT_PRODUCTS_DIR; };
		800BEA2C2516B83B00E60DE5 /* TrainingTests.swift */ = {isa = PBXFileReference; lastKnownFileType = sourcecode.swift; path = TrainingTests.swift; sourceTree = "<group>"; };
		800BEA2E2516B83B00E60DE5 /* Info.plist */ = {isa = PBXFileReference; lastKnownFileType = text.plist.xml; path = Info.plist; sourceTree = "<group>"; };
		800BEA332516B83B00E60DE5 /* TrainingUITests.xctest */ = {isa = PBXFileReference; explicitFileType = wrapper.cfbundle; includeInIndex = 0; path = TrainingUITests.xctest; sourceTree = BUILT_PRODUCTS_DIR; };
		800BEA372516B83B00E60DE5 /* TrainingUITests.swift */ = {isa = PBXFileReference; lastKnownFileType = sourcecode.swift; path = TrainingUITests.swift; sourceTree = "<group>"; };
		800BEA392516B83B00E60DE5 /* Info.plist */ = {isa = PBXFileReference; lastKnownFileType = text.plist.xml; path = Info.plist; sourceTree = "<group>"; };
		800BEA4F2516BB8400E60DE5 /* CellInArray.swift */ = {isa = PBXFileReference; lastKnownFileType = sourcecode.swift; path = CellInArray.swift; sourceTree = "<group>"; };
		800CDAFB252A9667001C4DE4 /* StaticTableViewController.swift */ = {isa = PBXFileReference; lastKnownFileType = sourcecode.swift; path = StaticTableViewController.swift; sourceTree = "<group>"; };
		800CDB0B252F0815001C4DE4 /* InAppNotificationViewController.swift */ = {isa = PBXFileReference; lastKnownFileType = sourcecode.swift; path = InAppNotificationViewController.swift; sourceTree = "<group>"; };
		800CDB10252F0B76001C4DE4 /* SecondViewController.swift */ = {isa = PBXFileReference; lastKnownFileType = sourcecode.swift; path = SecondViewController.swift; sourceTree = "<group>"; };
		801AFD142518A2D500E9D1B2 /* FirebaseAuthenticationViewController.swift */ = {isa = PBXFileReference; lastKnownFileType = sourcecode.swift; path = FirebaseAuthenticationViewController.swift; sourceTree = "<group>"; };
		801AFD4F2519EC1F00E9D1B2 /* CellInArrayTableViewController.swift */ = {isa = PBXFileReference; lastKnownFileType = sourcecode.swift; path = CellInArrayTableViewController.swift; sourceTree = "<group>"; };
		801D103F252FD5B800B23168 /* MyLibrary */ = {isa = PBXFileReference; lastKnownFileType = folder; path = MyLibrary; sourceTree = "<group>"; };
		801D10662533CE6100B23168 /* DelegateViewController.swift */ = {isa = PBXFileReference; lastKnownFileType = sourcecode.swift; path = DelegateViewController.swift; sourceTree = "<group>"; };
		801D106B2533CE7500B23168 /* DelegateSecondViewController.swift */ = {isa = PBXFileReference; lastKnownFileType = sourcecode.swift; path = DelegateSecondViewController.swift; sourceTree = "<group>"; };
		801D107025350C4D00B23168 /* StackviewViewController.swift */ = {isa = PBXFileReference; lastKnownFileType = sourcecode.swift; path = StackviewViewController.swift; sourceTree = "<group>"; };
		80C01837251FDC7800CB8B7F /* LocalNotificationViewController.swift */ = {isa = PBXFileReference; lastKnownFileType = sourcecode.swift; path = LocalNotificationViewController.swift; sourceTree = "<group>"; };
		80C018422521E00300CB8B7F /* Training.entitlements */ = {isa = PBXFileReference; lastKnownFileType = text.plist.entitlements; path = Training.entitlements; sourceTree = "<group>"; };
		80ED319B2519F8E50034915A /* CellInarrayTableViewCell.swift */ = {isa = PBXFileReference; lastKnownFileType = sourcecode.swift; path = CellInarrayTableViewCell.swift; sourceTree = "<group>"; };
		80ED31A7251A04430034915A /* TableViewCell.swift */ = {isa = PBXFileReference; lastKnownFileType = sourcecode.swift; path = TableViewCell.swift; sourceTree = "<group>"; };
		80ED31A8251A04430034915A /* TableViewCell.xib */ = {isa = PBXFileReference; lastKnownFileType = file.xib; path = TableViewCell.xib; sourceTree = "<group>"; };
		80ED31B2251A04680034915A /* TableViewController.swift */ = {isa = PBXFileReference; lastKnownFileType = sourcecode.swift; path = TableViewController.swift; sourceTree = "<group>"; };
		80ED31BA251A06140034915A /* CellModel.swift */ = {isa = PBXFileReference; lastKnownFileType = sourcecode.swift; path = CellModel.swift; sourceTree = "<group>"; };
		80ED31EF251B3B250034915A /* ApiCalls.swift */ = {isa = PBXFileReference; lastKnownFileType = sourcecode.swift; path = ApiCalls.swift; sourceTree = "<group>"; };
		80ED3213251CB56D0034915A /* DynamicCellViewController.swift */ = {isa = PBXFileReference; lastKnownFileType = sourcecode.swift; path = DynamicCellViewController.swift; sourceTree = "<group>"; };
		80ED323D251E027D0034915A /* CellData.swift */ = {isa = PBXFileReference; lastKnownFileType = sourcecode.swift; path = CellData.swift; sourceTree = "<group>"; };
		C49CD3B251BD8EE4E7645ED2 /* Pods_Training_TrainingUITests.framework */ = {isa = PBXFileReference; explicitFileType = wrapper.framework; includeInIndex = 0; path = Pods_Training_TrainingUITests.framework; sourceTree = BUILT_PRODUCTS_DIR; };
		C9C690A9DBEFCBB4CE330E8C /* Pods-TrainingTests.release.xcconfig */ = {isa = PBXFileReference; includeInIndex = 1; lastKnownFileType = text.xcconfig; name = "Pods-TrainingTests.release.xcconfig"; path = "Target Support Files/Pods-TrainingTests/Pods-TrainingTests.release.xcconfig"; sourceTree = "<group>"; };
		CE92D26906A20533957A57C3 /* Pods-Training-TrainingUITests.release.xcconfig */ = {isa = PBXFileReference; includeInIndex = 1; lastKnownFileType = text.xcconfig; name = "Pods-Training-TrainingUITests.release.xcconfig"; path = "Target Support Files/Pods-Training-TrainingUITests/Pods-Training-TrainingUITests.release.xcconfig"; sourceTree = "<group>"; };
		EF9A8A548DB356D87D1A5E5A /* Pods-Training-TrainingUITests.debug.xcconfig */ = {isa = PBXFileReference; includeInIndex = 1; lastKnownFileType = text.xcconfig; name = "Pods-Training-TrainingUITests.debug.xcconfig"; path = "Target Support Files/Pods-Training-TrainingUITests/Pods-Training-TrainingUITests.debug.xcconfig"; sourceTree = "<group>"; };
		FF06E0134273C7744A6193E8 /* Pods-Training.release.xcconfig */ = {isa = PBXFileReference; includeInIndex = 1; lastKnownFileType = text.xcconfig; name = "Pods-Training.release.xcconfig"; path = "Target Support Files/Pods-Training/Pods-Training.release.xcconfig"; sourceTree = "<group>"; };
/* End PBXFileReference section */

/* Begin PBXFrameworksBuildPhase section */
		800BEA0F2516B83900E60DE5 /* Frameworks */ = {
			isa = PBXFrameworksBuildPhase;
			buildActionMask = 2147483647;
			files = (
				801D105C252FD76800B23168 /* MyLibrary in Frameworks */,
				DBEF362EBFC8D1AFB5BDD314 /* Pods_Training.framework in Frameworks */,
				800CDB17252FC58C001C4DE4 /* Alamofire in Frameworks */,
			);
			runOnlyForDeploymentPostprocessing = 0;
		};
		800BEA252516B83A00E60DE5 /* Frameworks */ = {
			isa = PBXFrameworksBuildPhase;
			buildActionMask = 2147483647;
			files = (
				75F20D0165355AA573E1B5BA /* Pods_TrainingTests.framework in Frameworks */,
			);
			runOnlyForDeploymentPostprocessing = 0;
		};
		800BEA302516B83B00E60DE5 /* Frameworks */ = {
			isa = PBXFrameworksBuildPhase;
			buildActionMask = 2147483647;
			files = (
				653F7A71AEE1E95FF838A5B5 /* Pods_Training_TrainingUITests.framework in Frameworks */,
			);
			runOnlyForDeploymentPostprocessing = 0;
		};
/* End PBXFrameworksBuildPhase section */

/* Begin PBXGroup section */
		1407C29E80F8520A0EE1024D /* Frameworks */ = {
			isa = PBXGroup;
			children = (
				55C7278F4E1873296859B0EC /* Pods_Training.framework */,
				C49CD3B251BD8EE4E7645ED2 /* Pods_Training_TrainingUITests.framework */,
				59635211581054845EC60D62 /* Pods_TrainingTests.framework */,
			);
			name = Frameworks;
			sourceTree = "<group>";
		};
		800BEA092516B83900E60DE5 = {
			isa = PBXGroup;
			children = (
				801D103F252FD5B800B23168 /* MyLibrary */,
				800BEA142516B83900E60DE5 /* Training */,
				800BEA2B2516B83A00E60DE5 /* TrainingTests */,
				800BEA362516B83B00E60DE5 /* TrainingUITests */,
				800BEA132516B83900E60DE5 /* Products */,
				D641D105FF209E08843B84DF /* Pods */,
				1407C29E80F8520A0EE1024D /* Frameworks */,
			);
			sourceTree = "<group>";
		};
		800BEA132516B83900E60DE5 /* Products */ = {
			isa = PBXGroup;
			children = (
				800BEA122516B83900E60DE5 /* Training.app */,
				800BEA282516B83A00E60DE5 /* TrainingTests.xctest */,
				800BEA332516B83B00E60DE5 /* TrainingUITests.xctest */,
			);
			name = Products;
			sourceTree = "<group>";
		};
		800BEA142516B83900E60DE5 /* Training */ = {
			isa = PBXGroup;
			children = (
				80C018422521E00300CB8B7F /* Training.entitlements */,
				800BEA152516B83900E60DE5 /* AppDelegate.swift */,
				800BEA172516B83900E60DE5 /* SceneDelegate.swift */,
				800BEA1B2516B83900E60DE5 /* Main.storyboard */,
				800BEA192516B83900E60DE5 /* FirstScrennTableView.swift */,
				801D107025350C4D00B23168 /* StackviewViewController.swift */,
				800BEA1E2516B83A00E60DE5 /* Assets.xcassets */,
				800BEA202516B83A00E60DE5 /* LaunchScreen.storyboard */,
				800BEA232516B83A00E60DE5 /* Info.plist */,
				80076C462516C1A90043B22D /* GoogleService-Info.plist */,
				800CDB07252F04A5001C4DE4 /* In app notification */,
				801D10622533CE3400B23168 /* Delegates */,
				800CDAF7252A9238001C4DE4 /* Static TableView */,
				80C01836251FDC5600CB8B7F /* Local Notification */,
				801AFD4E2519EBF000E9D1B2 /* Cell in tableView */,
				801AFD2E2518C36C00E9D1B2 /* Phone Auth */,
				80ED31A6251A01520034915A /* Cell with xib */,
				80ED31FC251CA2D00034915A /* Dynamic Cell */,
			);
			path = Training;
			sourceTree = "<group>";
		};
		800BEA2B2516B83A00E60DE5 /* TrainingTests */ = {
			isa = PBXGroup;
			children = (
				800BEA2C2516B83B00E60DE5 /* TrainingTests.swift */,
				800BEA2E2516B83B00E60DE5 /* Info.plist */,
			);
			path = TrainingTests;
			sourceTree = "<group>";
		};
		800BEA362516B83B00E60DE5 /* TrainingUITests */ = {
			isa = PBXGroup;
			children = (
				800BEA372516B83B00E60DE5 /* TrainingUITests.swift */,
				800BEA392516B83B00E60DE5 /* Info.plist */,
			);
			path = TrainingUITests;
			sourceTree = "<group>";
		};
		800BEA4B2516BB4C00E60DE5 /* models */ = {
			isa = PBXGroup;
			children = (
				800BEA4F2516BB8400E60DE5 /* CellInArray.swift */,
				80ED31922519F8810034915A /* view */,
				801AFD4F2519EC1F00E9D1B2 /* CellInArrayTableViewController.swift */,
			);
			path = models;
			sourceTree = "<group>";
		};
		800CDAF7252A9238001C4DE4 /* Static TableView */ = {
			isa = PBXGroup;
			children = (
				800CDAFB252A9667001C4DE4 /* StaticTableViewController.swift */,
			);
			path = "Static TableView";
			sourceTree = "<group>";
		};
		800CDB07252F04A5001C4DE4 /* In app notification */ = {
			isa = PBXGroup;
			children = (
				800CDB0B252F0815001C4DE4 /* InAppNotificationViewController.swift */,
				800CDB10252F0B76001C4DE4 /* SecondViewController.swift */,
			);
			path = "In app notification";
			sourceTree = "<group>";
		};
		801AFD2E2518C36C00E9D1B2 /* Phone Auth */ = {
			isa = PBXGroup;
			children = (
				801AFD142518A2D500E9D1B2 /* FirebaseAuthenticationViewController.swift */,
			);
			path = "Phone Auth";
			sourceTree = "<group>";
		};
		801AFD4E2519EBF000E9D1B2 /* Cell in tableView */ = {
			isa = PBXGroup;
			children = (
				800BEA4B2516BB4C00E60DE5 /* models */,
			);
			path = "Cell in tableView";
			sourceTree = "<group>";
		};
		801D10622533CE3400B23168 /* Delegates */ = {
			isa = PBXGroup;
			children = (
				801D10662533CE6100B23168 /* DelegateViewController.swift */,
				801D106B2533CE7500B23168 /* DelegateSecondViewController.swift */,
			);
			path = Delegates;
			sourceTree = "<group>";
		};
		80C01836251FDC5600CB8B7F /* Local Notification */ = {
			isa = PBXGroup;
			children = (
				80C01837251FDC7800CB8B7F /* LocalNotificationViewController.swift */,
			);
			path = "Local Notification";
			sourceTree = "<group>";
		};
		80ED31922519F8810034915A /* view */ = {
			isa = PBXGroup;
			children = (
				80ED319B2519F8E50034915A /* CellInarrayTableViewCell.swift */,
			);
			path = view;
			sourceTree = "<group>";
		};
		80ED31A6251A01520034915A /* Cell with xib */ = {
			isa = PBXGroup;
			children = (
				80ED31A7251A04430034915A /* TableViewCell.swift */,
				80ED31A8251A04430034915A /* TableViewCell.xib */,
				80ED31B2251A04680034915A /* TableViewController.swift */,
				80ED31BA251A06140034915A /* CellModel.swift */,
				80ED31EF251B3B250034915A /* ApiCalls.swift */,
			);
			path = "Cell with xib";
			sourceTree = "<group>";
		};
		80ED31FC251CA2D00034915A /* Dynamic Cell */ = {
			isa = PBXGroup;
			children = (
				80ED3213251CB56D0034915A /* DynamicCellViewController.swift */,
				80ED323D251E027D0034915A /* CellData.swift */,
			);
			path = "Dynamic Cell";
			sourceTree = "<group>";
		};
		D641D105FF209E08843B84DF /* Pods */ = {
			isa = PBXGroup;
			children = (
				61A6D119E53E07B8A9A16610 /* Pods-Training.debug.xcconfig */,
				FF06E0134273C7744A6193E8 /* Pods-Training.release.xcconfig */,
				EF9A8A548DB356D87D1A5E5A /* Pods-Training-TrainingUITests.debug.xcconfig */,
				CE92D26906A20533957A57C3 /* Pods-Training-TrainingUITests.release.xcconfig */,
				28022FC1B53D3F3B40D0C545 /* Pods-TrainingTests.debug.xcconfig */,
				C9C690A9DBEFCBB4CE330E8C /* Pods-TrainingTests.release.xcconfig */,
			);
			path = Pods;
			sourceTree = "<group>";
		};
/* End PBXGroup section */

/* Begin PBXNativeTarget section */
		800BEA112516B83900E60DE5 /* Training */ = {
			isa = PBXNativeTarget;
			buildConfigurationList = 800BEA3C2516B83B00E60DE5 /* Build configuration list for PBXNativeTarget "Training" */;
			buildPhases = (
				D2E77C36A24A9E25CC4EF74A /* [CP] Check Pods Manifest.lock */,
				800BEA0E2516B83900E60DE5 /* Sources */,
				800BEA0F2516B83900E60DE5 /* Frameworks */,
				800BEA102516B83900E60DE5 /* Resources */,
				417AADD1DB24B13961D9B373 /* [CP] Embed Pods Frameworks */,
			);
			buildRules = (
			);
			dependencies = (
			);
			name = Training;
			packageProductDependencies = (
				800CDB16252FC58C001C4DE4 /* Alamofire */,
				801D105B252FD76800B23168 /* MyLibrary */,
			);
			productName = Training;
			productReference = 800BEA122516B83900E60DE5 /* Training.app */;
			productType = "com.apple.product-type.application";
		};
		800BEA272516B83A00E60DE5 /* TrainingTests */ = {
			isa = PBXNativeTarget;
			buildConfigurationList = 800BEA3F2516B83B00E60DE5 /* Build configuration list for PBXNativeTarget "TrainingTests" */;
			buildPhases = (
				1A309C7A88C2E07E30D643A2 /* [CP] Check Pods Manifest.lock */,
				800BEA242516B83A00E60DE5 /* Sources */,
				800BEA252516B83A00E60DE5 /* Frameworks */,
				800BEA262516B83A00E60DE5 /* Resources */,
			);
			buildRules = (
			);
			dependencies = (
				800BEA2A2516B83A00E60DE5 /* PBXTargetDependency */,
			);
			name = TrainingTests;
			productName = TrainingTests;
			productReference = 800BEA282516B83A00E60DE5 /* TrainingTests.xctest */;
			productType = "com.apple.product-type.bundle.unit-test";
		};
		800BEA322516B83B00E60DE5 /* TrainingUITests */ = {
			isa = PBXNativeTarget;
			buildConfigurationList = 800BEA422516B83B00E60DE5 /* Build configuration list for PBXNativeTarget "TrainingUITests" */;
			buildPhases = (
				2312C15EF8D7DFDB89CC040B /* [CP] Check Pods Manifest.lock */,
				800BEA2F2516B83B00E60DE5 /* Sources */,
				800BEA302516B83B00E60DE5 /* Frameworks */,
				800BEA312516B83B00E60DE5 /* Resources */,
				7CD69943EEF4E5DEF2AA9F77 /* [CP] Embed Pods Frameworks */,
			);
			buildRules = (
			);
			dependencies = (
				800BEA352516B83B00E60DE5 /* PBXTargetDependency */,
			);
			name = TrainingUITests;
			productName = TrainingUITests;
			productReference = 800BEA332516B83B00E60DE5 /* TrainingUITests.xctest */;
			productType = "com.apple.product-type.bundle.ui-testing";
		};
/* End PBXNativeTarget section */

/* Begin PBXProject section */
		800BEA0A2516B83900E60DE5 /* Project object */ = {
			isa = PBXProject;
			attributes = {
				LastSwiftUpdateCheck = 1200;
				LastUpgradeCheck = 1200;
				TargetAttributes = {
					800BEA112516B83900E60DE5 = {
						CreatedOnToolsVersion = 12.0;
					};
					800BEA272516B83A00E60DE5 = {
						CreatedOnToolsVersion = 12.0;
						TestTargetID = 800BEA112516B83900E60DE5;
					};
					800BEA322516B83B00E60DE5 = {
						CreatedOnToolsVersion = 12.0;
						TestTargetID = 800BEA112516B83900E60DE5;
					};
				};
			};
			buildConfigurationList = 800BEA0D2516B83900E60DE5 /* Build configuration list for PBXProject "Training" */;
			compatibilityVersion = "Xcode 9.3";
			developmentRegion = en;
			hasScannedForEncodings = 0;
			knownRegions = (
				en,
				Base,
			);
			mainGroup = 800BEA092516B83900E60DE5;
			packageReferences = (
				800CDB15252FC58C001C4DE4 /* XCRemoteSwiftPackageReference "Alamofire" */,
			);
			productRefGroup = 800BEA132516B83900E60DE5 /* Products */;
			projectDirPath = "";
			projectRoot = "";
			targets = (
				800BEA112516B83900E60DE5 /* Training */,
				800BEA272516B83A00E60DE5 /* TrainingTests */,
				800BEA322516B83B00E60DE5 /* TrainingUITests */,
			);
		};
/* End PBXProject section */

/* Begin PBXResourcesBuildPhase section */
		800BEA102516B83900E60DE5 /* Resources */ = {
			isa = PBXResourcesBuildPhase;
			buildActionMask = 2147483647;
			files = (
				800BEA222516B83A00E60DE5 /* LaunchScreen.storyboard in Resources */,
				80ED31AA251A04430034915A /* TableViewCell.xib in Resources */,
				80076C472516C1A90043B22D /* GoogleService-Info.plist in Resources */,
				800BEA1F2516B83A00E60DE5 /* Assets.xcassets in Resources */,
				800BEA1D2516B83900E60DE5 /* Main.storyboard in Resources */,
			);
			runOnlyForDeploymentPostprocessing = 0;
		};
		800BEA262516B83A00E60DE5 /* Resources */ = {
			isa = PBXResourcesBuildPhase;
			buildActionMask = 2147483647;
			files = (
			);
			runOnlyForDeploymentPostprocessing = 0;
		};
		800BEA312516B83B00E60DE5 /* Resources */ = {
			isa = PBXResourcesBuildPhase;
			buildActionMask = 2147483647;
			files = (
			);
			runOnlyForDeploymentPostprocessing = 0;
		};
/* End PBXResourcesBuildPhase section */

/* Begin PBXShellScriptBuildPhase section */
		1A309C7A88C2E07E30D643A2 /* [CP] Check Pods Manifest.lock */ = {
			isa = PBXShellScriptBuildPhase;
			buildActionMask = 2147483647;
			files = (
			);
			inputFileListPaths = (
			);
			inputPaths = (
				"${PODS_PODFILE_DIR_PATH}/Podfile.lock",
				"${PODS_ROOT}/Manifest.lock",
			);
			name = "[CP] Check Pods Manifest.lock";
			outputFileListPaths = (
			);
			outputPaths = (
				"$(DERIVED_FILE_DIR)/Pods-TrainingTests-checkManifestLockResult.txt",
			);
			runOnlyForDeploymentPostprocessing = 0;
			shellPath = /bin/sh;
			shellScript = "diff \"${PODS_PODFILE_DIR_PATH}/Podfile.lock\" \"${PODS_ROOT}/Manifest.lock\" > /dev/null\nif [ $? != 0 ] ; then\n    # print error to STDERR\n    echo \"error: The sandbox is not in sync with the Podfile.lock. Run 'pod install' or update your CocoaPods installation.\" >&2\n    exit 1\nfi\n# This output is used by Xcode 'outputs' to avoid re-running this script phase.\necho \"SUCCESS\" > \"${SCRIPT_OUTPUT_FILE_0}\"\n";
			showEnvVarsInLog = 0;
		};
		2312C15EF8D7DFDB89CC040B /* [CP] Check Pods Manifest.lock */ = {
			isa = PBXShellScriptBuildPhase;
			buildActionMask = 2147483647;
			files = (
			);
			inputFileListPaths = (
			);
			inputPaths = (
				"${PODS_PODFILE_DIR_PATH}/Podfile.lock",
				"${PODS_ROOT}/Manifest.lock",
			);
			name = "[CP] Check Pods Manifest.lock";
			outputFileListPaths = (
			);
			outputPaths = (
				"$(DERIVED_FILE_DIR)/Pods-Training-TrainingUITests-checkManifestLockResult.txt",
			);
			runOnlyForDeploymentPostprocessing = 0;
			shellPath = /bin/sh;
			shellScript = "diff \"${PODS_PODFILE_DIR_PATH}/Podfile.lock\" \"${PODS_ROOT}/Manifest.lock\" > /dev/null\nif [ $? != 0 ] ; then\n    # print error to STDERR\n    echo \"error: The sandbox is not in sync with the Podfile.lock. Run 'pod install' or update your CocoaPods installation.\" >&2\n    exit 1\nfi\n# This output is used by Xcode 'outputs' to avoid re-running this script phase.\necho \"SUCCESS\" > \"${SCRIPT_OUTPUT_FILE_0}\"\n";
			showEnvVarsInLog = 0;
		};
		417AADD1DB24B13961D9B373 /* [CP] Embed Pods Frameworks */ = {
			isa = PBXShellScriptBuildPhase;
			buildActionMask = 2147483647;
			files = (
			);
			inputFileListPaths = (
				"${PODS_ROOT}/Target Support Files/Pods-Training/Pods-Training-frameworks-${CONFIGURATION}-input-files.xcfilelist",
			);
			name = "[CP] Embed Pods Frameworks";
			outputFileListPaths = (
				"${PODS_ROOT}/Target Support Files/Pods-Training/Pods-Training-frameworks-${CONFIGURATION}-output-files.xcfilelist",
			);
			runOnlyForDeploymentPostprocessing = 0;
			shellPath = /bin/sh;
			shellScript = "\"${PODS_ROOT}/Target Support Files/Pods-Training/Pods-Training-frameworks.sh\"\n";
			showEnvVarsInLog = 0;
		};
		7CD69943EEF4E5DEF2AA9F77 /* [CP] Embed Pods Frameworks */ = {
			isa = PBXShellScriptBuildPhase;
			buildActionMask = 2147483647;
			files = (
			);
			inputFileListPaths = (
				"${PODS_ROOT}/Target Support Files/Pods-Training-TrainingUITests/Pods-Training-TrainingUITests-frameworks-${CONFIGURATION}-input-files.xcfilelist",
			);
			name = "[CP] Embed Pods Frameworks";
			outputFileListPaths = (
				"${PODS_ROOT}/Target Support Files/Pods-Training-TrainingUITests/Pods-Training-TrainingUITests-frameworks-${CONFIGURATION}-output-files.xcfilelist",
			);
			runOnlyForDeploymentPostprocessing = 0;
			shellPath = /bin/sh;
			shellScript = "\"${PODS_ROOT}/Target Support Files/Pods-Training-TrainingUITests/Pods-Training-TrainingUITests-frameworks.sh\"\n";
			showEnvVarsInLog = 0;
		};
		D2E77C36A24A9E25CC4EF74A /* [CP] Check Pods Manifest.lock */ = {
			isa = PBXShellScriptBuildPhase;
			buildActionMask = 2147483647;
			files = (
			);
			inputFileListPaths = (
			);
			inputPaths = (
				"${PODS_PODFILE_DIR_PATH}/Podfile.lock",
				"${PODS_ROOT}/Manifest.lock",
			);
			name = "[CP] Check Pods Manifest.lock";
			outputFileListPaths = (
			);
			outputPaths = (
				"$(DERIVED_FILE_DIR)/Pods-Training-checkManifestLockResult.txt",
			);
			runOnlyForDeploymentPostprocessing = 0;
			shellPath = /bin/sh;
			shellScript = "diff \"${PODS_PODFILE_DIR_PATH}/Podfile.lock\" \"${PODS_ROOT}/Manifest.lock\" > /dev/null\nif [ $? != 0 ] ; then\n    # print error to STDERR\n    echo \"error: The sandbox is not in sync with the Podfile.lock. Run 'pod install' or update your CocoaPods installation.\" >&2\n    exit 1\nfi\n# This output is used by Xcode 'outputs' to avoid re-running this script phase.\necho \"SUCCESS\" > \"${SCRIPT_OUTPUT_FILE_0}\"\n";
			showEnvVarsInLog = 0;
		};
/* End PBXShellScriptBuildPhase section */

/* Begin PBXSourcesBuildPhase section */
		800BEA0E2516B83900E60DE5 /* Sources */ = {
			isa = PBXSourcesBuildPhase;
			buildActionMask = 2147483647;
			files = (
				80ED319C2519F8E50034915A /* CellInarrayTableViewCell.swift in Sources */,
				800CDB11252F0B76001C4DE4 /* SecondViewController.swift in Sources */,
				80C01838251FDC7800CB8B7F /* LocalNotificationViewController.swift in Sources */,
				80ED31A9251A04430034915A /* TableViewCell.swift in Sources */,
				801AFD502519EC1F00E9D1B2 /* CellInArrayTableViewController.swift in Sources */,
				801D10672533CE6100B23168 /* DelegateViewController.swift in Sources */,
				801D106C2533CE7500B23168 /* DelegateSecondViewController.swift in Sources */,
				80ED31BB251A06140034915A /* CellModel.swift in Sources */,
				801AFD152518A2D600E9D1B2 /* FirebaseAuthenticationViewController.swift in Sources */,
				800BEA502516BB8400E60DE5 /* CellInArray.swift in Sources */,
				80ED31F0251B3B250034915A /* ApiCalls.swift in Sources */,
				800BEA1A2516B83900E60DE5 /* FirstScrennTableView.swift in Sources */,
				800BEA162516B83900E60DE5 /* AppDelegate.swift in Sources */,
				80ED323E251E027D0034915A /* CellData.swift in Sources */,
				80ED31B3251A04680034915A /* TableViewController.swift in Sources */,
				80ED3214251CB56D0034915A /* DynamicCellViewController.swift in Sources */,
				801D107125350C4D00B23168 /* StackviewViewController.swift in Sources */,
				800CDAFC252A9668001C4DE4 /* StaticTableViewController.swift in Sources */,
				800CDB0C252F0815001C4DE4 /* InAppNotificationViewController.swift in Sources */,
				800BEA182516B83900E60DE5 /* SceneDelegate.swift in Sources */,
			);
			runOnlyForDeploymentPostprocessing = 0;
		};
		800BEA242516B83A00E60DE5 /* Sources */ = {
			isa = PBXSourcesBuildPhase;
			buildActionMask = 2147483647;
			files = (
				800BEA2D2516B83B00E60DE5 /* TrainingTests.swift in Sources */,
			);
			runOnlyForDeploymentPostprocessing = 0;
		};
		800BEA2F2516B83B00E60DE5 /* Sources */ = {
			isa = PBXSourcesBuildPhase;
			buildActionMask = 2147483647;
			files = (
				800BEA382516B83B00E60DE5 /* TrainingUITests.swift in Sources */,
			);
			runOnlyForDeploymentPostprocessing = 0;
		};
/* End PBXSourcesBuildPhase section */

/* Begin PBXTargetDependency section */
		800BEA2A2516B83A00E60DE5 /* PBXTargetDependency */ = {
			isa = PBXTargetDependency;
			target = 800BEA112516B83900E60DE5 /* Training */;
			targetProxy = 800BEA292516B83A00E60DE5 /* PBXContainerItemProxy */;
		};
		800BEA352516B83B00E60DE5 /* PBXTargetDependency */ = {
			isa = PBXTargetDependency;
			target = 800BEA112516B83900E60DE5 /* Training */;
			targetProxy = 800BEA342516B83B00E60DE5 /* PBXContainerItemProxy */;
		};
/* End PBXTargetDependency section */

/* Begin PBXVariantGroup section */
		800BEA1B2516B83900E60DE5 /* Main.storyboard */ = {
			isa = PBXVariantGroup;
			children = (
				800BEA1C2516B83900E60DE5 /* Base */,
			);
			name = Main.storyboard;
			sourceTree = "<group>";
		};
		800BEA202516B83A00E60DE5 /* LaunchScreen.storyboard */ = {
			isa = PBXVariantGroup;
			children = (
				800BEA212516B83A00E60DE5 /* Base */,
			);
			name = LaunchScreen.storyboard;
			sourceTree = "<group>";
		};
/* End PBXVariantGroup section */

/* Begin XCBuildConfiguration section */
		800BEA3A2516B83B00E60DE5 /* Debug */ = {
			isa = XCBuildConfiguration;
			buildSettings = {
				ALWAYS_SEARCH_USER_PATHS = NO;
				CLANG_ANALYZER_NONNULL = YES;
				CLANG_ANALYZER_NUMBER_OBJECT_CONVERSION = YES_AGGRESSIVE;
				CLANG_CXX_LANGUAGE_STANDARD = "gnu++14";
				CLANG_CXX_LIBRARY = "libc++";
				CLANG_ENABLE_MODULES = YES;
				CLANG_ENABLE_OBJC_ARC = YES;
				CLANG_ENABLE_OBJC_WEAK = YES;
				CLANG_WARN_BLOCK_CAPTURE_AUTORELEASING = YES;
				CLANG_WARN_BOOL_CONVERSION = YES;
				CLANG_WARN_COMMA = YES;
				CLANG_WARN_CONSTANT_CONVERSION = YES;
				CLANG_WARN_DEPRECATED_OBJC_IMPLEMENTATIONS = YES;
				CLANG_WARN_DIRECT_OBJC_ISA_USAGE = YES_ERROR;
				CLANG_WARN_DOCUMENTATION_COMMENTS = YES;
				CLANG_WARN_EMPTY_BODY = YES;
				CLANG_WARN_ENUM_CONVERSION = YES;
				CLANG_WARN_INFINITE_RECURSION = YES;
				CLANG_WARN_INT_CONVERSION = YES;
				CLANG_WARN_NON_LITERAL_NULL_CONVERSION = YES;
				CLANG_WARN_OBJC_IMPLICIT_RETAIN_SELF = YES;
				CLANG_WARN_OBJC_LITERAL_CONVERSION = YES;
				CLANG_WARN_OBJC_ROOT_CLASS = YES_ERROR;
				CLANG_WARN_QUOTED_INCLUDE_IN_FRAMEWORK_HEADER = YES;
				CLANG_WARN_RANGE_LOOP_ANALYSIS = YES;
				CLANG_WARN_STRICT_PROTOTYPES = YES;
				CLANG_WARN_SUSPICIOUS_MOVE = YES;
				CLANG_WARN_UNGUARDED_AVAILABILITY = YES_AGGRESSIVE;
				CLANG_WARN_UNREACHABLE_CODE = YES;
				CLANG_WARN__DUPLICATE_METHOD_MATCH = YES;
				COPY_PHASE_STRIP = NO;
				DEBUG_INFORMATION_FORMAT = dwarf;
				ENABLE_STRICT_OBJC_MSGSEND = YES;
				ENABLE_TESTABILITY = YES;
				GCC_C_LANGUAGE_STANDARD = gnu11;
				GCC_DYNAMIC_NO_PIC = NO;
				GCC_NO_COMMON_BLOCKS = YES;
				GCC_OPTIMIZATION_LEVEL = 0;
				GCC_PREPROCESSOR_DEFINITIONS = (
					"DEBUG=1",
					"$(inherited)",
				);
				GCC_WARN_64_TO_32_BIT_CONVERSION = YES;
				GCC_WARN_ABOUT_RETURN_TYPE = YES_ERROR;
				GCC_WARN_UNDECLARED_SELECTOR = YES;
				GCC_WARN_UNINITIALIZED_AUTOS = YES_AGGRESSIVE;
				GCC_WARN_UNUSED_FUNCTION = YES;
				GCC_WARN_UNUSED_VARIABLE = YES;
				IPHONEOS_DEPLOYMENT_TARGET = 14.0;
				MTL_ENABLE_DEBUG_INFO = INCLUDE_SOURCE;
				MTL_FAST_MATH = YES;
				ONLY_ACTIVE_ARCH = YES;
				SDKROOT = iphoneos;
				SWIFT_ACTIVE_COMPILATION_CONDITIONS = DEBUG;
				SWIFT_OPTIMIZATION_LEVEL = "-Onone";
			};
			name = Debug;
		};
		800BEA3B2516B83B00E60DE5 /* Release */ = {
			isa = XCBuildConfiguration;
			buildSettings = {
				ALWAYS_SEARCH_USER_PATHS = NO;
				CLANG_ANALYZER_NONNULL = YES;
				CLANG_ANALYZER_NUMBER_OBJECT_CONVERSION = YES_AGGRESSIVE;
				CLANG_CXX_LANGUAGE_STANDARD = "gnu++14";
				CLANG_CXX_LIBRARY = "libc++";
				CLANG_ENABLE_MODULES = YES;
				CLANG_ENABLE_OBJC_ARC = YES;
				CLANG_ENABLE_OBJC_WEAK = YES;
				CLANG_WARN_BLOCK_CAPTURE_AUTORELEASING = YES;
				CLANG_WARN_BOOL_CONVERSION = YES;
				CLANG_WARN_COMMA = YES;
				CLANG_WARN_CONSTANT_CONVERSION = YES;
				CLANG_WARN_DEPRECATED_OBJC_IMPLEMENTATIONS = YES;
				CLANG_WARN_DIRECT_OBJC_ISA_USAGE = YES_ERROR;
				CLANG_WARN_DOCUMENTATION_COMMENTS = YES;
				CLANG_WARN_EMPTY_BODY = YES;
				CLANG_WARN_ENUM_CONVERSION = YES;
				CLANG_WARN_INFINITE_RECURSION = YES;
				CLANG_WARN_INT_CONVERSION = YES;
				CLANG_WARN_NON_LITERAL_NULL_CONVERSION = YES;
				CLANG_WARN_OBJC_IMPLICIT_RETAIN_SELF = YES;
				CLANG_WARN_OBJC_LITERAL_CONVERSION = YES;
				CLANG_WARN_OBJC_ROOT_CLASS = YES_ERROR;
				CLANG_WARN_QUOTED_INCLUDE_IN_FRAMEWORK_HEADER = YES;
				CLANG_WARN_RANGE_LOOP_ANALYSIS = YES;
				CLANG_WARN_STRICT_PROTOTYPES = YES;
				CLANG_WARN_SUSPICIOUS_MOVE = YES;
				CLANG_WARN_UNGUARDED_AVAILABILITY = YES_AGGRESSIVE;
				CLANG_WARN_UNREACHABLE_CODE = YES;
				CLANG_WARN__DUPLICATE_METHOD_MATCH = YES;
				COPY_PHASE_STRIP = NO;
				DEBUG_INFORMATION_FORMAT = "dwarf-with-dsym";
				ENABLE_NS_ASSERTIONS = NO;
				ENABLE_STRICT_OBJC_MSGSEND = YES;
				GCC_C_LANGUAGE_STANDARD = gnu11;
				GCC_NO_COMMON_BLOCKS = YES;
				GCC_WARN_64_TO_32_BIT_CONVERSION = YES;
				GCC_WARN_ABOUT_RETURN_TYPE = YES_ERROR;
				GCC_WARN_UNDECLARED_SELECTOR = YES;
				GCC_WARN_UNINITIALIZED_AUTOS = YES_AGGRESSIVE;
				GCC_WARN_UNUSED_FUNCTION = YES;
				GCC_WARN_UNUSED_VARIABLE = YES;
				IPHONEOS_DEPLOYMENT_TARGET = 14.0;
				MTL_ENABLE_DEBUG_INFO = NO;
				MTL_FAST_MATH = YES;
				SDKROOT = iphoneos;
				SWIFT_COMPILATION_MODE = wholemodule;
				SWIFT_OPTIMIZATION_LEVEL = "-O";
				VALIDATE_PRODUCT = YES;
			};
			name = Release;
		};
		800BEA3D2516B83B00E60DE5 /* Debug */ = {
			isa = XCBuildConfiguration;
			baseConfigurationReference = 61A6D119E53E07B8A9A16610 /* Pods-Training.debug.xcconfig */;
			buildSettings = {
				ASSETCATALOG_COMPILER_APPICON_NAME = AppIcon;
				ASSETCATALOG_COMPILER_GLOBAL_ACCENT_COLOR_NAME = AccentColor;
				CODE_SIGN_ENTITLEMENTS = Training/Training.entitlements;
				CODE_SIGN_STYLE = Automatic;
				DEVELOPMENT_TEAM = 3R65WYTB7T;
				INFOPLIST_FILE = Training/Info.plist;
				LD_RUNPATH_SEARCH_PATHS = (
					"$(inherited)",
					"@executable_path/Frameworks",
				);
				PRODUCT_BUNDLE_IDENTIFIER = com.assaaddoumit.Training;
				PRODUCT_NAME = "$(TARGET_NAME)";
				SWIFT_VERSION = 5.0;
				TARGETED_DEVICE_FAMILY = 1;
			};
			name = Debug;
		};
		800BEA3E2516B83B00E60DE5 /* Release */ = {
			isa = XCBuildConfiguration;
			baseConfigurationReference = FF06E0134273C7744A6193E8 /* Pods-Training.release.xcconfig */;
			buildSettings = {
				ASSETCATALOG_COMPILER_APPICON_NAME = AppIcon;
				ASSETCATALOG_COMPILER_GLOBAL_ACCENT_COLOR_NAME = AccentColor;
				CODE_SIGN_ENTITLEMENTS = Training/Training.entitlements;
				CODE_SIGN_STYLE = Automatic;
				DEVELOPMENT_TEAM = 3R65WYTB7T;
				INFOPLIST_FILE = Training/Info.plist;
				LD_RUNPATH_SEARCH_PATHS = (
					"$(inherited)",
					"@executable_path/Frameworks",
				);
				PRODUCT_BUNDLE_IDENTIFIER = com.assaaddoumit.Training;
				PRODUCT_NAME = "$(TARGET_NAME)";
				SWIFT_VERSION = 5.0;
				TARGETED_DEVICE_FAMILY = 1;
			};
			name = Release;
		};
		800BEA402516B83B00E60DE5 /* Debug */ = {
			isa = XCBuildConfiguration;
			baseConfigurationReference = 28022FC1B53D3F3B40D0C545 /* Pods-TrainingTests.debug.xcconfig */;
			buildSettings = {
				ALWAYS_EMBED_SWIFT_STANDARD_LIBRARIES = YES;
				BUNDLE_LOADER = "$(TEST_HOST)";
				CODE_SIGN_STYLE = Automatic;
				INFOPLIST_FILE = TrainingTests/Info.plist;
				IPHONEOS_DEPLOYMENT_TARGET = 14.0;
				LD_RUNPATH_SEARCH_PATHS = (
					"$(inherited)",
					"@executable_path/Frameworks",
					"@loader_path/Frameworks",
				);
				PRODUCT_BUNDLE_IDENTIFIER = com.assaaddoumit.TrainingTests;
				PRODUCT_NAME = "$(TARGET_NAME)";
				SWIFT_VERSION = 5.0;
				TARGETED_DEVICE_FAMILY = "1,2";
				TEST_HOST = "$(BUILT_PRODUCTS_DIR)/Training.app/Training";
			};
			name = Debug;
		};
		800BEA412516B83B00E60DE5 /* Release */ = {
			isa = XCBuildConfiguration;
			baseConfigurationReference = C9C690A9DBEFCBB4CE330E8C /* Pods-TrainingTests.release.xcconfig */;
			buildSettings = {
				ALWAYS_EMBED_SWIFT_STANDARD_LIBRARIES = YES;
				BUNDLE_LOADER = "$(TEST_HOST)";
				CODE_SIGN_STYLE = Automatic;
				INFOPLIST_FILE = TrainingTests/Info.plist;
				IPHONEOS_DEPLOYMENT_TARGET = 14.0;
				LD_RUNPATH_SEARCH_PATHS = (
					"$(inherited)",
					"@executable_path/Frameworks",
					"@loader_path/Frameworks",
				);
				PRODUCT_BUNDLE_IDENTIFIER = com.assaaddoumit.TrainingTests;
				PRODUCT_NAME = "$(TARGET_NAME)";
				SWIFT_VERSION = 5.0;
				TARGETED_DEVICE_FAMILY = "1,2";
				TEST_HOST = "$(BUILT_PRODUCTS_DIR)/Training.app/Training";
			};
			name = Release;
		};
		800BEA432516B83B00E60DE5 /* Debug */ = {
			isa = XCBuildConfiguration;
			baseConfigurationReference = EF9A8A548DB356D87D1A5E5A /* Pods-Training-TrainingUITests.debug.xcconfig */;
			buildSettings = {
				ALWAYS_EMBED_SWIFT_STANDARD_LIBRARIES = YES;
				CODE_SIGN_STYLE = Automatic;
				INFOPLIST_FILE = TrainingUITests/Info.plist;
				LD_RUNPATH_SEARCH_PATHS = (
					"$(inherited)",
					"@executable_path/Frameworks",
					"@loader_path/Frameworks",
				);
				PRODUCT_BUNDLE_IDENTIFIER = com.assaaddoumit.TrainingUITests;
				PRODUCT_NAME = "$(TARGET_NAME)";
				SWIFT_VERSION = 5.0;
				TARGETED_DEVICE_FAMILY = "1,2";
				TEST_TARGET_NAME = Training;
			};
			name = Debug;
		};
		800BEA442516B83B00E60DE5 /* Release */ = {
			isa = XCBuildConfiguration;
			baseConfigurationReference = CE92D26906A20533957A57C3 /* Pods-Training-TrainingUITests.release.xcconfig */;
			buildSettings = {
				ALWAYS_EMBED_SWIFT_STANDARD_LIBRARIES = YES;
				CODE_SIGN_STYLE = Automatic;
				INFOPLIST_FILE = TrainingUITests/Info.plist;
				LD_RUNPATH_SEARCH_PATHS = (
					"$(inherited)",
					"@executable_path/Frameworks",
					"@loader_path/Frameworks",
				);
				PRODUCT_BUNDLE_IDENTIFIER = com.assaaddoumit.TrainingUITests;
				PRODUCT_NAME = "$(TARGET_NAME)";
				SWIFT_VERSION = 5.0;
				TARGETED_DEVICE_FAMILY = "1,2";
				TEST_TARGET_NAME = Training;
			};
			name = Release;
		};
/* End XCBuildConfiguration section */

/* Begin XCConfigurationList section */
		800BEA0D2516B83900E60DE5 /* Build configuration list for PBXProject "Training" */ = {
			isa = XCConfigurationList;
			buildConfigurations = (
				800BEA3A2516B83B00E60DE5 /* Debug */,
				800BEA3B2516B83B00E60DE5 /* Release */,
			);
			defaultConfigurationIsVisible = 0;
			defaultConfigurationName = Release;
		};
		800BEA3C2516B83B00E60DE5 /* Build configuration list for PBXNativeTarget "Training" */ = {
			isa = XCConfigurationList;
			buildConfigurations = (
				800BEA3D2516B83B00E60DE5 /* Debug */,
				800BEA3E2516B83B00E60DE5 /* Release */,
			);
			defaultConfigurationIsVisible = 0;
			defaultConfigurationName = Release;
		};
		800BEA3F2516B83B00E60DE5 /* Build configuration list for PBXNativeTarget "TrainingTests" */ = {
			isa = XCConfigurationList;
			buildConfigurations = (
				800BEA402516B83B00E60DE5 /* Debug */,
				800BEA412516B83B00E60DE5 /* Release */,
			);
			defaultConfigurationIsVisible = 0;
			defaultConfigurationName = Release;
		};
		800BEA422516B83B00E60DE5 /* Build configuration list for PBXNativeTarget "TrainingUITests" */ = {
			isa = XCConfigurationList;
			buildConfigurations = (
				800BEA432516B83B00E60DE5 /* Debug */,
				800BEA442516B83B00E60DE5 /* Release */,
			);
			defaultConfigurationIsVisible = 0;
			defaultConfigurationName = Release;
		};
/* End XCConfigurationList section */

/* Begin XCRemoteSwiftPackageReference section */
		800CDB15252FC58C001C4DE4 /* XCRemoteSwiftPackageReference "Alamofire" */ = {
			isa = XCRemoteSwiftPackageReference;
			repositoryURL = "https://github.com/Alamofire/Alamofire.git";
			requirement = {
				kind = upToNextMajorVersion;
				minimumVersion = 5.2.2;
			};
		};
/* End XCRemoteSwiftPackageReference section */

/* Begin XCSwiftPackageProductDependency section */
		800CDB16252FC58C001C4DE4 /* Alamofire */ = {
			isa = XCSwiftPackageProductDependency;
			package = 800CDB15252FC58C001C4DE4 /* XCRemoteSwiftPackageReference "Alamofire" */;
			productName = Alamofire;
		};
		801D105B252FD76800B23168 /* MyLibrary */ = {
			isa = XCSwiftPackageProductDependency;
			productName = MyLibrary;
		};
/* End XCSwiftPackageProductDependency section */
	};
	rootObject = 800BEA0A2516B83900E60DE5 /* Project object */;
}
